
Microsoft Visual Studio Solution File, Format Version 12.00
# Visual Studio 2013
VisualStudioVersion = 12.0.21005.1
MinimumVisualStudioVersion = 10.0.40219.1
Project("{FAE04EC0-301F-11D3-BF4B-00C04F79EFBC}") = "Bebbs.Harmonize.With.Harmony", "Bebbs.Harmonize.Harmony\Bebbs.Harmonize.With.Harmony.csproj", "{A158AB7B-7AD5-4A75-93DE-A7511DFB5A7E}"
EndProject
Project("{FAE04EC0-301F-11D3-BF4B-00C04F79EFBC}") = "Bebbs.Harmonize", "Bebbs.Harmonize\Bebbs.Harmonize.csproj", "{2F82D034-5EDB-432E-924C-B45DA875FAD2}"
EndProject
Project("{FAE04EC0-301F-11D3-BF4B-00C04F79EFBC}") = "Bebbs.Harmonize.Console", "Bebbs.Harmonize.Console\Bebbs.Harmonize.Console.csproj", "{75A74CBA-21D1-43A9-B2B2-E8C4627226BD}"
EndProject
Project("{2150E333-8FDC-42A3-9474-1A3956D46DE8}") = ".nuget", ".nuget", "{678CE3E5-C42E-4A0D-9943-A9B845D44A9B}"
	ProjectSection(SolutionItems) = preProject
		.nuget\NuGet.Config = .nuget\NuGet.Config
		.nuget\NuGet.exe = .nuget\NuGet.exe
		.nuget\NuGet.targets = .nuget\NuGet.targets
	EndProjectSection
EndProject
Project("{FAE04EC0-301F-11D3-BF4B-00C04F79EFBC}") = "Bebbs.Harmonize.With.Harmony.Tests", "Bebbs.Harmonize.Harmony.Tests\Bebbs.Harmonize.With.Harmony.Tests.csproj", "{4B40EEA4-39DE-4E4A-B107-A6A0B6336650}"
EndProject
Project("{FAE04EC0-301F-11D3-BF4B-00C04F79EFBC}") = "Bebbs.Harmonize.With.Alljoyn", "Bebbs.Harmonize.With.Alljoyn\Bebbs.Harmonize.With.Alljoyn.csproj", "{2287EE36-A63D-4DD9-AE04-8DDA2FE324ED}"
EndProject
Project("{FAE04EC0-301F-11D3-BF4B-00C04F79EFBC}") = "Bebbs.Harmonize.With", "Bebbs.Harmonize.With\Bebbs.Harmonize.With.csproj", "{91848444-1506-4F50-BF6C-D0528CD6C74E}"
EndProject
Project("{FAE04EC0-301F-11D3-BF4B-00C04F79EFBC}") = "Bebbs.Harmonize.State", "Bebbs.Harmonize.State\Bebbs.Harmonize.State.csproj", "{2F852F35-ECF5-4898-B193-4B315032A3D3}"
EndProject
Project("{FAE04EC0-301F-11D3-BF4B-00C04F79EFBC}") = "Bebbs.Harmonize.With.Messaging", "Bebbs.Harmonize.With.Messaging\Bebbs.Harmonize.With.Messaging.csproj", "{6D4F94C4-E199-493D-A386-E0C184BD0E56}"
EndProject
Project("{FAE04EC0-301F-11D3-BF4B-00C04F79EFBC}") = "Bebbs.Harmonize.With.Messaging.Over.RabbitMq", "Bebbs.Harmonize.With.Messaging.Over.RabbitMq\Bebbs.Harmonize.With.Messaging.Over.RabbitMq.csproj", "{F6A5907C-4EBB-459A-B76D-8926D714A3B0}"
EndProject
Project("{FAE04EC0-301F-11D3-BF4B-00C04F79EFBC}") = "Bebbs.Harmonize.With.Messaging.Tests", "Bebbs.Harmonize.With.Messaging.Tests\Bebbs.Harmonize.With.Messaging.Tests.csproj", "{412C7E83-ECF4-443F-9BAF-369E1265865B}"
EndProject
Project("{FAE04EC0-301F-11D3-BF4B-00C04F79EFBC}") = "Bebbs.Harmonize.With.Owl.Intuition", "Bebbs.Harmonize.With.Owl.Intuition\Bebbs.Harmonize.With.Owl.Intuition.csproj", "{65767969-5717-4EA9-8F8E-5E8F34BD3605}"
EndProject
Project("{FAE04EC0-301F-11D3-BF4B-00C04F79EFBC}") = "Bebbs.Harmonize.With.Owl.Intuition.Tests", "Bebbs.Harmonize.With.Owl.Intuition.Tests\Bebbs.Harmonize.With.Owl.Intuition.Tests.csproj", "{D0777346-1007-44DC-A8D5-BED9D264CC88}"
EndProject
Global
	GlobalSection(SolutionConfigurationPlatforms) = preSolution
		Debug|Any CPU = Debug|Any CPU
		Release|Any CPU = Release|Any CPU
	EndGlobalSection
	GlobalSection(ProjectConfigurationPlatforms) = postSolution
		{A158AB7B-7AD5-4A75-93DE-A7511DFB5A7E}.Debug|Any CPU.ActiveCfg = Debug|Any CPU
		{A158AB7B-7AD5-4A75-93DE-A7511DFB5A7E}.Debug|Any CPU.Build.0 = Debug|Any CPU
		{A158AB7B-7AD5-4A75-93DE-A7511DFB5A7E}.Release|Any CPU.ActiveCfg = Release|Any CPU
		{A158AB7B-7AD5-4A75-93DE-A7511DFB5A7E}.Release|Any CPU.Build.0 = Release|Any CPU
		{2F82D034-5EDB-432E-924C-B45DA875FAD2}.Debug|Any CPU.ActiveCfg = Debug|Any CPU
		{2F82D034-5EDB-432E-924C-B45DA875FAD2}.Debug|Any CPU.Build.0 = Debug|Any CPU
		{2F82D034-5EDB-432E-924C-B45DA875FAD2}.Release|Any CPU.ActiveCfg = Release|Any CPU
		{2F82D034-5EDB-432E-924C-B45DA875FAD2}.Release|Any CPU.Build.0 = Release|Any CPU
		{75A74CBA-21D1-43A9-B2B2-E8C4627226BD}.Debug|Any CPU.ActiveCfg = Debug|Any CPU
		{75A74CBA-21D1-43A9-B2B2-E8C4627226BD}.Debug|Any CPU.Build.0 = Debug|Any CPU
		{75A74CBA-21D1-43A9-B2B2-E8C4627226BD}.Release|Any CPU.ActiveCfg = Release|Any CPU
		{75A74CBA-21D1-43A9-B2B2-E8C4627226BD}.Release|Any CPU.Build.0 = Release|Any CPU
		{4B40EEA4-39DE-4E4A-B107-A6A0B6336650}.Debug|Any CPU.ActiveCfg = Debug|Any CPU
		{4B40EEA4-39DE-4E4A-B107-A6A0B6336650}.Debug|Any CPU.Build.0 = Debug|Any CPU
		{4B40EEA4-39DE-4E4A-B107-A6A0B6336650}.Release|Any CPU.ActiveCfg = Release|Any CPU
		{4B40EEA4-39DE-4E4A-B107-A6A0B6336650}.Release|Any CPU.Build.0 = Release|Any CPU
		{2287EE36-A63D-4DD9-AE04-8DDA2FE324ED}.Debug|Any CPU.ActiveCfg = Debug|Any CPU
		{2287EE36-A63D-4DD9-AE04-8DDA2FE324ED}.Debug|Any CPU.Build.0 = Debug|Any CPU
		{2287EE36-A63D-4DD9-AE04-8DDA2FE324ED}.Release|Any CPU.ActiveCfg = Release|Any CPU
		{2287EE36-A63D-4DD9-AE04-8DDA2FE324ED}.Release|Any CPU.Build.0 = Release|Any CPU
		{91848444-1506-4F50-BF6C-D0528CD6C74E}.Debug|Any CPU.ActiveCfg = Debug|Any CPU
		{91848444-1506-4F50-BF6C-D0528CD6C74E}.Debug|Any CPU.Build.0 = Debug|Any CPU
		{91848444-1506-4F50-BF6C-D0528CD6C74E}.Release|Any CPU.ActiveCfg = Release|Any CPU
		{91848444-1506-4F50-BF6C-D0528CD6C74E}.Release|Any CPU.Build.0 = Release|Any CPU
		{2F852F35-ECF5-4898-B193-4B315032A3D3}.Debug|Any CPU.ActiveCfg = Debug|Any CPU
		{2F852F35-ECF5-4898-B193-4B315032A3D3}.Debug|Any CPU.Build.0 = Debug|Any CPU
		{2F852F35-ECF5-4898-B193-4B315032A3D3}.Release|Any CPU.ActiveCfg = Release|Any CPU
		{2F852F35-ECF5-4898-B193-4B315032A3D3}.Release|Any CPU.Build.0 = Release|Any CPU
		{6D4F94C4-E199-493D-A386-E0C184BD0E56}.Debug|Any CPU.ActiveCfg = Debug|Any CPU
		{6D4F94C4-E199-493D-A386-E0C184BD0E56}.Debug|Any CPU.Build.0 = Debug|Any CPU
		{6D4F94C4-E199-493D-A386-E0C184BD0E56}.Release|Any CPU.ActiveCfg = Release|Any CPU
		{6D4F94C4-E199-493D-A386-E0C184BD0E56}.Release|Any CPU.Build.0 = Release|Any CPU
		{F6A5907C-4EBB-459A-B76D-8926D714A3B0}.Debug|Any CPU.ActiveCfg = Debug|Any CPU
		{F6A5907C-4EBB-459A-B76D-8926D714A3B0}.Debug|Any CPU.Build.0 = Debug|Any CPU
		{F6A5907C-4EBB-459A-B76D-8926D714A3B0}.Release|Any CPU.ActiveCfg = Release|Any CPU
		{F6A5907C-4EBB-459A-B76D-8926D714A3B0}.Release|Any CPU.Build.0 = Release|Any CPU
		{412C7E83-ECF4-443F-9BAF-369E1265865B}.Debug|Any CPU.ActiveCfg = Debug|Any CPU
		{412C7E83-ECF4-443F-9BAF-369E1265865B}.Debug|Any CPU.Build.0 = Debug|Any CPU
		{412C7E83-ECF4-443F-9BAF-369E1265865B}.Release|Any CPU.ActiveCfg = Release|Any CPU
		{412C7E83-ECF4-443F-9BAF-369E1265865B}.Release|Any CPU.Build.0 = Release|Any CPU
		{65767969-5717-4EA9-8F8E-5E8F34BD3605}.Debug|Any CPU.ActiveCfg = Debug|Any CPU
		{65767969-5717-4EA9-8F8E-5E8F34BD3605}.Debug|Any CPU.Build.0 = Debug|Any CPU
		{65767969-5717-4EA9-8F8E-5E8F34BD3605}.Release|Any CPU.ActiveCfg = Release|Any CPU
		{65767969-5717-4EA9-8F8E-5E8F34BD3605}.Release|Any CPU.Build.0 = Release|Any CPU
		{D0777346-1007-44DC-A8D5-BED9D264CC88}.Debug|Any CPU.ActiveCfg = Debug|Any CPU
		{D0777346-1007-44DC-A8D5-BED9D264CC88}.Debug|Any CPU.Build.0 = Debug|Any CPU
		{D0777346-1007-44DC-A8D5-BED9D264CC88}.Release|Any CPU.ActiveCfg = Release|Any CPU
		{D0777346-1007-44DC-A8D5-BED9D264CC88}.Release|Any CPU.Build.0 = Release|Any CPU
	EndGlobalSection
	GlobalSection(SolutionProperties) = preSolution
		HideSolutionNode = FALSE
	EndGlobalSection
EndGlobal
